// !$*UTF8*$!
{
	archiveVersion = 1;
	classes = {
	};
	objectVersion = 46;
	objects = {

/* Begin PBXBuildFile section */
		9FDC187C1AD975A800DD288D /* AppDelegate.swift in Sources */ = {isa = PBXBuildFile; fileRef = 9FDC187B1AD975A800DD288D /* AppDelegate.swift */; };
		9FDC187E1AD975A800DD288D /* ViewController.swift in Sources */ = {isa = PBXBuildFile; fileRef = 9FDC187D1AD975A800DD288D /* ViewController.swift */; };
		9FDC18811AD975A800DD288D /* Main.storyboard in Resources */ = {isa = PBXBuildFile; fileRef = 9FDC187F1AD975A800DD288D /* Main.storyboard */; };
		9FDC18831AD975A800DD288D /* Images.xcassets in Resources */ = {isa = PBXBuildFile; fileRef = 9FDC18821AD975A800DD288D /* Images.xcassets */; };
		9FDC18861AD975A800DD288D /* LaunchScreen.xib in Resources */ = {isa = PBXBuildFile; fileRef = 9FDC18841AD975A800DD288D /* LaunchScreen.xib */; };
		9FDC18921AD975A800DD288D /* EggyTests.swift in Sources */ = {isa = PBXBuildFile; fileRef = 9FDC18911AD975A800DD288D /* EggyTests.swift */; };
/* End PBXBuildFile section */

/* Begin PBXContainerItemProxy section */
		9FDC188C1AD975A800DD288D /* PBXContainerItemProxy */ = {
			isa = PBXContainerItemProxy;
			containerPortal = 9FDC186E1AD975A800DD288D /* Project object */;
			proxyType = 1;
			remoteGlobalIDString = 9FDC18751AD975A800DD288D;
			remoteInfo = Eggy;
		};
/* End PBXContainerItemProxy section */

/* Begin PBXFileReference section */
		9FDC18761AD975A800DD288D /* Eggy.app */ = {isa = PBXFileReference; explicitFileType = wrapper.application; includeInIndex = 0; path = Eggy.app; sourceTree = BUILT_PRODUCTS_DIR; };
		9FDC187A1AD975A800DD288D /* Info.plist */ = {isa = PBXFileReference; lastKnownFileType = text.plist.xml; path = Info.plist; sourceTree = "<group>"; };
		9FDC187B1AD975A800DD288D /* AppDelegate.swift */ = {isa = PBXFileReference; lastKnownFileType = sourcecode.swift; path = AppDelegate.swift; sourceTree = "<group>"; };
		9FDC187D1AD975A800DD288D /* ViewController.swift */ = {isa = PBXFileReference; lastKnownFileType = sourcecode.swift; path = ViewController.swift; sourceTree = "<group>"; };
		9FDC18801AD975A800DD288D /* Base */ = {isa = PBXFileReference; lastKnownFileType = file.storyboard; name = Base; path = Base.lproj/Main.storyboard; sourceTree = "<group>"; };
		9FDC18821AD975A800DD288D /* Images.xcassets */ = {isa = PBXFileReference; lastKnownFileType = folder.assetcatalog; path = Images.xcassets; sourceTree = "<group>"; };
		9FDC18851AD975A800DD288D /* Base */ = {isa = PBXFileReference; lastKnownFileType = file.xib; name = Base; path = Base.lproj/LaunchScreen.xib; sourceTree = "<group>"; };
		9FDC188B1AD975A800DD288D /* EggyTests.xctest */ = {isa = PBXFileReference; explicitFileType = wrapper.cfbundle; includeInIndex = 0; path = EggyTests.xctest; sourceTree = BUILT_PRODUCTS_DIR; };
		9FDC18901AD975A800DD288D /* Info.plist */ = {isa = PBXFileReference; lastKnownFileType = text.plist.xml; path = Info.plist; sourceTree = "<group>"; };
		9FDC18911AD975A800DD288D /* EggyTests.swift */ = {isa = PBXFileReference; lastKnownFileType = sourcecode.swift; path = EggyTests.swift; sourceTree = "<group>"; };
/* End PBXFileReference section */

/* Begin PBXFrameworksBuildPhase section */
		9FDC18731AD975A800DD288D /* Frameworks */ = {
			isa = PBXFrameworksBuildPhase;
			buildActionMask = 2147483647;
			files = (
			);
			runOnlyForDeploymentPostprocessing = 0;
		};
		9FDC18881AD975A800DD288D /* Frameworks */ = {
			isa = PBXFrameworksBuildPhase;
			buildActionMask = 2147483647;
			files = (
			);
			runOnlyForDeploymentPostprocessing = 0;
		};
/* End PBXFrameworksBuildPhase section */

/* Begin PBXGroup section */
		9FDC186D1AD975A800DD288D = {
			isa = PBXGroup;
			children = (
				9FDC18781AD975A800DD288D /* Eggy */,
				9FDC188E1AD975A800DD288D /* EggyTests */,
				9FDC18771AD975A800DD288D /* Products */,
			);
			sourceTree = "<group>";
		};
		9FDC18771AD975A800DD288D /* Products */ = {
			isa = PBXGroup;
			children = (
				9FDC18761AD975A800DD288D /* Eggy.app */,
				9FDC188B1AD975A800DD288D /* EggyTests.xctest */,
			);
			name = Products;
			sourceTree = "<group>";
		};
		9FDC18781AD975A800DD288D /* Eggy */ = {
			isa = PBXGroup;
			children = (
				9FDC187B1AD975A800DD288D /* AppDelegate.swift */,
				9FDC187D1AD975A800DD288D /* ViewController.swift */,
				9FDC187F1AD975A800DD288D /* Main.storyboard */,
				9FDC18821AD975A800DD288D /* Images.xcassets */,
				9FDC18841AD975A800DD288D /* LaunchScreen.xib */,
				9FDC18791AD975A800DD288D /* Supporting Files */,
			);
			path = Eggy;
			sourceTree = "<group>";
		};
		9FDC18791AD975A800DD288D /* Supporting Files */ = {
			isa = PBXGroup;
			children = (
				9FDC187A1AD975A800DD288D /* Info.plist */,
			);
			name = "Supporting Files";
			sourceTree = "<group>";
		};
		9FDC188E1AD975A800DD288D /* EggyTests */ = {
			isa = PBXGroup;
			children = (
				9FDC18911AD975A800DD288D /* EggyTests.swift */,
				9FDC188F1AD975A800DD288D /* Supporting Files */,
			);
			path = EggyTests;
			sourceTree = "<group>";
		};
		9FDC188F1AD975A800DD288D /* Supporting Files */ = {
			isa = PBXGroup;
			children = (
				9FDC18901AD975A800DD288D /* Info.plist */,
			);
			name = "Supporting Files";
			sourceTree = "<group>";
		};
/* End PBXGroup section */

/* Begin PBXNativeTarget section */
		9FDC18751AD975A800DD288D /* Eggy */ = {
			isa = PBXNativeTarget;
			buildConfigurationList = 9FDC18951AD975A800DD288D /* Build configuration list for PBXNativeTarget "Eggy" */;
			buildPhases = (
				9FDC18721AD975A800DD288D /* Sources */,
				9FDC18731AD975A800DD288D /* Frameworks */,
				9FDC18741AD975A800DD288D /* Resources */,
			);
			buildRules = (
			);
			dependencies = (
			);
			name = Eggy;
			productName = Eggy;
			productReference = 9FDC18761AD975A800DD288D /* Eggy.app */;
			productType = "com.apple.product-type.application";
		};
		9FDC188A1AD975A800DD288D /* EggyTests */ = {
			isa = PBXNativeTarget;
			buildConfigurationList = 9FDC18981AD975A800DD288D /* Build configuration list for PBXNativeTarget "EggyTests" */;
			buildPhases = (
				9FDC18871AD975A800DD288D /* Sources */,
				9FDC18881AD975A800DD288D /* Frameworks */,
				9FDC18891AD975A800DD288D /* Resources */,
			);
			buildRules = (
			);
			dependencies = (
				9FDC188D1AD975A800DD288D /* PBXTargetDependency */,
			);
			name = EggyTests;
			productName = EggyTests;
			productReference = 9FDC188B1AD975A800DD288D /* EggyTests.xctest */;
			productType = "com.apple.product-type.bundle.unit-test";
		};
/* End PBXNativeTarget section */

/* Begin PBXProject section */
		9FDC186E1AD975A800DD288D /* Project object */ = {
			isa = PBXProject;
			attributes = {
				LastUpgradeCheck = 0630;
				ORGANIZATIONNAME = "Jan van Arkel";
				TargetAttributes = {
					9FDC18751AD975A800DD288D = {
						CreatedOnToolsVersion = 6.3;
					};
					9FDC188A1AD975A800DD288D = {
						CreatedOnToolsVersion = 6.3;
						TestTargetID = 9FDC18751AD975A800DD288D;
					};
				};
			};
			buildConfigurationList = 9FDC18711AD975A800DD288D /* Build configuration list for PBXProject "Eggy" */;
			compatibilityVersion = "Xcode 3.2";
			developmentRegion = English;
			hasScannedForEncodings = 0;
			knownRegions = (
				en,
				Base,
			);
			mainGroup = 9FDC186D1AD975A800DD288D;
			productRefGroup = 9FDC18771AD975A800DD288D /* Products */;
			projectDirPath = "";
			projectRoot = "";
			targets = (
				9FDC18751AD975A800DD288D /* Eggy */,
				9FDC188A1AD975A800DD288D /* EggyTests */,
			);
		};
/* End PBXProject section */

/* Begin PBXResourcesBuildPhase section */
		9FDC18741AD975A800DD288D /* Resources */ = {
			isa = PBXResourcesBuildPhase;
			buildActionMask = 2147483647;
			files = (
				9FDC18811AD975A800DD288D /* Main.storyboard in Resources */,
				9FDC18861AD975A800DD288D /* LaunchScreen.xib in Resources */,
				9FDC18831AD975A800DD288D /* Images.xcassets in Resources */,
			);
			runOnlyForDeploymentPostprocessing = 0;
		};
		9FDC18891AD975A800DD288D /* Resources */ = {
			isa = PBXResourcesBuildPhase;
			buildActionMask = 2147483647;
			files = (
			);
			runOnlyForDeploymentPostprocessing = 0;
		};
/* End PBXResourcesBuildPhase section */

/* Begin PBXSourcesBuildPhase section */
		9FDC18721AD975A800DD288D /* Sources */ = {
			isa = PBXSourcesBuildPhase;
			buildActionMask = 2147483647;
			files = (
				9FDC187E1AD975A800DD288D /* ViewController.swift in Sources */,
				9FDC187C1AD975A800DD288D /* AppDelegate.swift in Sources */,
			);
			runOnlyForDeploymentPostprocessing = 0;
		};
		9FDC18871AD975A800DD288D /* Sources */ = {
			isa = PBXSourcesBuildPhase;
			buildActionMask = 2147483647;
			files = (
				9FDC18921AD975A800DD288D /* EggyTests.swift in Sources */,
			);
			runOnlyForDeploymentPostprocessing = 0;
		};
/* End PBXSourcesBuildPhase section */

/* Begin PBXTargetDependency section */
		9FDC188D1AD975A800DD288D /* PBXTargetDependency */ = {
			isa = PBXTargetDependency;
			target = 9FDC18751AD975A800DD288D /* Eggy */;
			targetProxy = 9FDC188C1AD975A800DD288D /* PBXContainerItemProxy */;
		};
/* End PBXTargetDependency section */

/* Begin PBXVariantGroup section */
		9FDC187F1AD975A800DD288D /* Main.storyboard */ = {
			isa = PBXVariantGroup;
			children = (
				9FDC18801AD975A800DD288D /* Base */,
			);
			name = Main.storyboard;
			sourceTree = "<group>";
		};
		9FDC18841AD975A800DD288D /* LaunchScreen.xib */ = {
			isa = PBXVariantGroup;
			children = (
				9FDC18851AD975A800DD288D /* Base */,
			);
			name = LaunchScreen.xib;
			sourceTree = "<group>";
		};
/* End PBXVariantGroup section */

/* Begin XCBuildConfiguration section */
		9FDC18931AD975A800DD288D /* Debug */ = {
			isa = XCBuildConfiguration;
			buildSettings = {
				ALWAYS_SEARCH_USER_PATHS = NO;
				CLANG_CXX_LANGUAGE_STANDARD = "gnu++0x";
				CLANG_CXX_LIBRARY = "libc++";
				CLANG_ENABLE_MODULES = YES;
				CLANG_ENABLE_OBJC_ARC = YES;
				CLANG_WARN_BOOL_CONVERSION = YES;
				CLANG_WARN_CONSTANT_CONVERSION = YES;
				CLANG_WARN_DIRECT_OBJC_ISA_USAGE = YES_ERROR;
				CLANG_WARN_EMPTY_BODY = YES;
				CLANG_WARN_ENUM_CONVERSION = YES;
				CLANG_WARN_INT_CONVERSION = YES;
				CLANG_WARN_OBJC_ROOT_CLASS = YES_ERROR;
				CLANG_WARN_UNREACHABLE_CODE = YES;
				CLANG_WARN__DUPLICATE_METHOD_MATCH = YES;
				"CODE_SIGN_IDENTITY[sdk=iphoneos*]" = "iPhone Developer";
				COPY_PHASE_STRIP = NO;
				DEBUG_INFORMATION_FORMAT = "dwarf-with-dsym";
				ENABLE_STRICT_OBJC_MSGSEND = YES;
				GCC_C_LANGUAGE_STANDARD = gnu99;
				GCC_DYNAMIC_NO_PIC = NO;
				GCC_NO_COMMON_BLOCKS = YES;
				GCC_OPTIMIZATION_LEVEL = 0;
				GCC_PREPROCESSOR_DEFINITIONS = (
					"DEBUG=1",
					"$(inherited)",
				);
				GCC_SYMBOLS_PRIVATE_EXTERN = NO;
				GCC_WARN_64_TO_32_BIT_CONVERSION = YES;
				GCC_WARN_ABOUT_RETURN_TYPE = YES_ERROR;
				GCC_WARN_UNDECLARED_SELECTOR = YES;
				GCC_WARN_UNINITIALIZED_AUTOS = YES_AGGRESSIVE;
				GCC_WARN_UNUSED_FUNCTION = YES;
				GCC_WARN_UNUSED_VARIABLE = YES;
				IPHONEOS_DEPLOYMENT_TARGET = 8.3;
				MTL_ENABLE_DEBUG_INFO = YES;
				ONLY_ACTIVE_ARCH = YES;
				SDKROOT = iphoneos;
				SWIFT_OPTIMIZATION_LEVEL = "-Onone";
			};
			name = Debug;
		};
		9FDC18941AD975A800DD288D /* Release */ = {
			isa = XCBuildConfiguration;
			buildSettings = {
				ALWAYS_SEARCH_USER_PATHS = NO;
				CLANG_CXX_LANGUAGE_STANDARD = "gnu++0x";
				CLANG_CXX_LIBRARY = "libc++";
				CLANG_ENABLE_MODULES = YES;
				CLANG_ENABLE_OBJC_ARC = YES;
				CLANG_WARN_BOOL_CONVERSION = YES;
				CLANG_WARN_CONSTANT_CONVERSION = YES;
				CLANG_WARN_DIRECT_OBJC_ISA_USAGE = YES_ERROR;
				CLANG_WARN_EMPTY_BODY = YES;
				CLANG_WARN_ENUM_CONVERSION = YES;
				CLANG_WARN_INT_CONVERSION = YES;
				CLANG_WARN_OBJC_ROOT_CLASS = YES_ERROR;
				CLANG_WARN_UNREACHABLE_CODE = YES;
				CLANG_WARN__DUPLICATE_METHOD_MATCH = YES;
				"CODE_SIGN_IDENTITY[sdk=iphoneos*]" = "iPhone Developer";
				COPY_PHASE_STRIP = NO;
				DEBUG_INFORMATION_FORMAT = "dwarf-with-dsym";
				ENABLE_NS_ASSERTIONS = NO;
				ENABLE_STRICT_OBJC_MSGSEND = YES;
				GCC_C_LANGUAGE_STANDARD = gnu99;
				GCC_NO_COMMON_BLOCKS = YES;
				GCC_WARN_64_TO_32_BIT_CONVERSION = YES;
				GCC_WARN_ABOUT_RETURN_TYPE = YES_ERROR;
				GCC_WARN_UNDECLARED_SELECTOR = YES;
				GCC_WARN_UNINITIALIZED_AUTOS = YES_AGGRESSIVE;
				GCC_WARN_UNUSED_FUNCTION = YES;
				GCC_WARN_UNUSED_VARIABLE = YES;
				IPHONEOS_DEPLOYMENT_TARGET = 8.3;
				MTL_ENABLE_DEBUG_INFO = NO;
				SDKROOT = iphoneos;
				VALIDATE_PRODUCT = YES;
			};
			name = Release;
		};
		9FDC18961AD975A800DD288D /* Debug */ = {
			isa = XCBuildConfiguration;
			buildSettings = {
				ASSETCATALOG_COMPILER_APPICON_NAME = AppIcon;
				INFOPLIST_FILE = Eggy/Info.plist;
				LD_RUNPATH_SEARCH_PATHS = "$(inherited) @executable_path/Frameworks";
				PRODUCT_NAME = "$(TARGET_NAME)";
			};
			name = Debug;
		};
		9FDC18971AD975A800DD288D /* Release */ = {
			isa = XCBuildConfiguration;
			buildSettings = {
				ASSETCATALOG_COMPILER_APPICON_NAME = AppIcon;
				INFOPLIST_FILE = Eggy/Info.plist;
				LD_RUNPATH_SEARCH_PATHS = "$(inherited) @executable_path/Frameworks";
				PRODUCT_NAME = "$(TARGET_NAME)";
			};
			name = Release;
		};
		9FDC18991AD975A800DD288D /* Debug */ = {
			isa = XCBuildConfiguration;
			buildSettings = {
				BUNDLE_LOADER = "$(TEST_HOST)";
				FRAMEWORK_SEARCH_PATHS = (
					"$(SDKROOT)/Developer/Library/Frameworks",
					"$(inherited)",
				);
				GCC_PREPROCESSOR_DEFINITIONS = (
					"DEBUG=1",
					"$(inherited)",
				);
				INFOPLIST_FILE = EggyTests/Info.plist;
				LD_RUNPATH_SEARCH_PATHS = "$(inherited) @executable_path/Frameworks @loader_path/Frameworks";
				PRODUCT_NAME = "$(TARGET_NAME)";
				TEST_HOST = "$(BUILT_PRODUCTS_DIR)/Eggy.app/Eggy";
			};
			name = Debug;
		};
		9FDC189A1AD975A800DD288D /* Release */ = {
			isa = XCBuildConfiguration;
			buildSettings = {
				BUNDLE_LOADER = "$(TEST_HOST)";
				FRAMEWORK_SEARCH_PATHS = (
					"$(SDKROOT)/Developer/Library/Frameworks",
					"$(inherited)",
				);
				INFOPLIST_FILE = EggyTests/Info.plist;
				LD_RUNPATH_SEARCH_PATHS = "$(inherited) @executable_path/Frameworks @loader_path/Frameworks";
				PRODUCT_NAME = "$(TARGET_NAME)";
				TEST_HOST = "$(BUILT_PRODUCTS_DIR)/Eggy.app/Eggy";
			};
			name = Release;
		};
/* End XCBuildConfiguration section */

/* Begin XCConfigurationList section */
		9FDC18711AD975A800DD288D /* Build configuration list for PBXProject "Eggy" */ = {
			isa = XCConfigurationList;
			buildConfigurations = (
				9FDC18931AD975A800DD288D /* Debug */,
				9FDC18941AD975A800DD288D /* Release */,
			);
			defaultConfigurationIsVisible = 0;
			defaultConfigurationName = Release;
		};
		9FDC18951AD975A800DD288D /* Build configuration list for PBXNativeTarget "Eggy" */ = {
			isa = XCConfigurationList;
			buildConfigurations = (
				9FDC18961AD975A800DD288D /* Debug */,
				9FDC18971AD975A800DD288D /* Release */,
			);
			defaultConfigurationIsVisible = 0;
		};
		9FDC18981AD975A800DD288D /* Build configuration list for PBXNativeTarget "EggyTests" */ = {
			isa = XCConfigurationList;
			buildConfigurations = (
				9FDC18991AD975A800DD288D /* Debug */,
				9FDC189A1AD975A800DD288D /* Release */,
			);
			defaultConfigurationIsVisible = 0;
		};
/* End XCConfigurationList section */
	};
	rootObject = 9FDC186E1AD975A800DD288D /* Project object */;
}
